
Microsoft Visual Studio Solution File, Format Version 12.00
# Visual Studio Version 17
VisualStudioVersion = 17.5.33326.253
MinimumVisualStudioVersion = 10.0.40219.1
Project("{9A19103F-16F7-4668-BE54-9A1E7A4F7556}") = "ContainsDuplicate", "ContainsDuplicate\ContainsDuplicate.csproj", "{93DE9CD7-69EA-41B1-83F3-1F9CEAD98C57}"
EndProject
Project("{9A19103F-16F7-4668-BE54-9A1E7A4F7556}") = "ValidAnagram", "ValidAnagram\ValidAnagram.csproj", "{67328CC8-5A11-4183-BA7A-AA5272F6BE1E}"
EndProject
Project("{9A19103F-16F7-4668-BE54-9A1E7A4F7556}") = "TwoSum", "TwoSum\TwoSum.csproj", "{783980DC-07D7-433C-8CBA-34267DE4C469}"
EndProject
Project("{9A19103F-16F7-4668-BE54-9A1E7A4F7556}") = "GroupAnagrams", "GroupAnagrams\GroupAnagrams.csproj", "{301D6BA8-B98B-4005-9648-8A50F5DF2B1C}"
EndProject
Project("{9A19103F-16F7-4668-BE54-9A1E7A4F7556}") = "TopKFrequentElements", "TopKFrequentElements\TopKFrequentElements.csproj", "{D24D2250-8227-4F05-8EDA-FB412CA69323}"
EndProject
Project("{9A19103F-16F7-4668-BE54-9A1E7A4F7556}") = "ProductOfArrayExceptSelf", "ProductOfArrayExceptSelf\ProductOfArrayExceptSelf.csproj", "{65904C1C-FAA7-4166-9477-55F87F080287}"
EndProject
Project("{9A19103F-16F7-4668-BE54-9A1E7A4F7556}") = "ValidSudoku", "Valid Sudoku\ValidSudoku.csproj", "{6873A47E-4E1F-44FA-948A-490FD825E9DD}"
EndProject
Project("{9A19103F-16F7-4668-BE54-9A1E7A4F7556}") = "EncodeAndDecode", "EncodeAndDecode\EncodeAndDecode.csproj", "{9A7162C5-3417-405E-8DE8-E34DCD7B4FCE}"
EndProject
Project("{9A19103F-16F7-4668-BE54-9A1E7A4F7556}") = "LongestConsecutiveSequence", "LongestConsecutiveSequence\LongestConsecutiveSequence.csproj", "{93ECC291-0919-467C-B462-A8CADE59D9A8}"
EndProject
Project("{9A19103F-16F7-4668-BE54-9A1E7A4F7556}") = "BuyAndSellStock", "BuyAndSellStock\BuyAndSellStock.csproj", "{0770B3AD-1EAE-46D4-90C4-6F13165EF3D9}"
EndProject
Project("{9A19103F-16F7-4668-BE54-9A1E7A4F7556}") = "ValidParentheses", "ValidParentheses\ValidParentheses.csproj", "{75852B4C-F0F3-43EB-8EB7-1C51530EBB35}"
EndProject
Project("{2150E333-8FDC-42A3-9474-1A3956D46DE8}") = "Arrays & Hashing", "Arrays & Hashing", "{A2F75FBD-9C3D-44AE-848B-56ED1FFB36BA}"
EndProject
Project("{2150E333-8FDC-42A3-9474-1A3956D46DE8}") = "Stack", "Stack", "{9974CD71-0276-4EF5-BBAD-540A4937BC1B}"
EndProject
Project("{2150E333-8FDC-42A3-9474-1A3956D46DE8}") = "Sliding Window", "Sliding Window", "{828126BF-88F4-4CFD-BB07-774040B7F93B}"
EndProject
Project("{FAE04EC0-301F-11D3-BF4B-00C04F79EFBC}") = "MinStack", "MinStack\MinStack.csproj", "{958F9CC9-9AC2-4294-BF2F-5864FD21A8D0}"
EndProject
Global
	GlobalSection(SolutionConfigurationPlatforms) = preSolution
		Debug|Any CPU = Debug|Any CPU
		Release|Any CPU = Release|Any CPU
	EndGlobalSection
	GlobalSection(ProjectConfigurationPlatforms) = postSolution
		{93DE9CD7-69EA-41B1-83F3-1F9CEAD98C57}.Debug|Any CPU.ActiveCfg = Debug|Any CPU
		{93DE9CD7-69EA-41B1-83F3-1F9CEAD98C57}.Debug|Any CPU.Build.0 = Debug|Any CPU
		{93DE9CD7-69EA-41B1-83F3-1F9CEAD98C57}.Release|Any CPU.ActiveCfg = Release|Any CPU
		{93DE9CD7-69EA-41B1-83F3-1F9CEAD98C57}.Release|Any CPU.Build.0 = Release|Any CPU
		{67328CC8-5A11-4183-BA7A-AA5272F6BE1E}.Debug|Any CPU.ActiveCfg = Debug|Any CPU
		{67328CC8-5A11-4183-BA7A-AA5272F6BE1E}.Debug|Any CPU.Build.0 = Debug|Any CPU
		{67328CC8-5A11-4183-BA7A-AA5272F6BE1E}.Release|Any CPU.ActiveCfg = Release|Any CPU
		{67328CC8-5A11-4183-BA7A-AA5272F6BE1E}.Release|Any CPU.Build.0 = Release|Any CPU
		{783980DC-07D7-433C-8CBA-34267DE4C469}.Debug|Any CPU.ActiveCfg = Debug|Any CPU
		{783980DC-07D7-433C-8CBA-34267DE4C469}.Debug|Any CPU.Build.0 = Debug|Any CPU
		{783980DC-07D7-433C-8CBA-34267DE4C469}.Release|Any CPU.ActiveCfg = Release|Any CPU
		{783980DC-07D7-433C-8CBA-34267DE4C469}.Release|Any CPU.Build.0 = Release|Any CPU
		{301D6BA8-B98B-4005-9648-8A50F5DF2B1C}.Debug|Any CPU.ActiveCfg = Debug|Any CPU
		{301D6BA8-B98B-4005-9648-8A50F5DF2B1C}.Debug|Any CPU.Build.0 = Debug|Any CPU
		{301D6BA8-B98B-4005-9648-8A50F5DF2B1C}.Release|Any CPU.ActiveCfg = Release|Any CPU
		{301D6BA8-B98B-4005-9648-8A50F5DF2B1C}.Release|Any CPU.Build.0 = Release|Any CPU
		{D24D2250-8227-4F05-8EDA-FB412CA69323}.Debug|Any CPU.ActiveCfg = Debug|Any CPU
		{D24D2250-8227-4F05-8EDA-FB412CA69323}.Debug|Any CPU.Build.0 = Debug|Any CPU
		{D24D2250-8227-4F05-8EDA-FB412CA69323}.Release|Any CPU.ActiveCfg = Release|Any CPU
		{D24D2250-8227-4F05-8EDA-FB412CA69323}.Release|Any CPU.Build.0 = Release|Any CPU
		{65904C1C-FAA7-4166-9477-55F87F080287}.Debug|Any CPU.ActiveCfg = Debug|Any CPU
		{65904C1C-FAA7-4166-9477-55F87F080287}.Debug|Any CPU.Build.0 = Debug|Any CPU
		{65904C1C-FAA7-4166-9477-55F87F080287}.Release|Any CPU.ActiveCfg = Release|Any CPU
		{65904C1C-FAA7-4166-9477-55F87F080287}.Release|Any CPU.Build.0 = Release|Any CPU
		{6873A47E-4E1F-44FA-948A-490FD825E9DD}.Debug|Any CPU.ActiveCfg = Debug|Any CPU
		{6873A47E-4E1F-44FA-948A-490FD825E9DD}.Debug|Any CPU.Build.0 = Debug|Any CPU
		{6873A47E-4E1F-44FA-948A-490FD825E9DD}.Release|Any CPU.ActiveCfg = Release|Any CPU
		{6873A47E-4E1F-44FA-948A-490FD825E9DD}.Release|Any CPU.Build.0 = Release|Any CPU
		{9A7162C5-3417-405E-8DE8-E34DCD7B4FCE}.Debug|Any CPU.ActiveCfg = Debug|Any CPU
		{9A7162C5-3417-405E-8DE8-E34DCD7B4FCE}.Debug|Any CPU.Build.0 = Debug|Any CPU
		{9A7162C5-3417-405E-8DE8-E34DCD7B4FCE}.Release|Any CPU.ActiveCfg = Release|Any CPU
		{9A7162C5-3417-405E-8DE8-E34DCD7B4FCE}.Release|Any CPU.Build.0 = Release|Any CPU
		{93ECC291-0919-467C-B462-A8CADE59D9A8}.Debug|Any CPU.ActiveCfg = Debug|Any CPU
		{93ECC291-0919-467C-B462-A8CADE59D9A8}.Debug|Any CPU.Build.0 = Debug|Any CPU
		{93ECC291-0919-467C-B462-A8CADE59D9A8}.Release|Any CPU.ActiveCfg = Release|Any CPU
		{93ECC291-0919-467C-B462-A8CADE59D9A8}.Release|Any CPU.Build.0 = Release|Any CPU
		{0770B3AD-1EAE-46D4-90C4-6F13165EF3D9}.Debug|Any CPU.ActiveCfg = Debug|Any CPU
		{0770B3AD-1EAE-46D4-90C4-6F13165EF3D9}.Debug|Any CPU.Build.0 = Debug|Any CPU
		{0770B3AD-1EAE-46D4-90C4-6F13165EF3D9}.Release|Any CPU.ActiveCfg = Release|Any CPU
		{0770B3AD-1EAE-46D4-90C4-6F13165EF3D9}.Release|Any CPU.Build.0 = Release|Any CPU
		{75852B4C-F0F3-43EB-8EB7-1C51530EBB35}.Debug|Any CPU.ActiveCfg = Debug|Any CPU
		{75852B4C-F0F3-43EB-8EB7-1C51530EBB35}.Debug|Any CPU.Build.0 = Debug|Any CPU
		{75852B4C-F0F3-43EB-8EB7-1C51530EBB35}.Release|Any CPU.ActiveCfg = Release|Any CPU
		{75852B4C-F0F3-43EB-8EB7-1C51530EBB35}.Release|Any CPU.Build.0 = Release|Any CPU
		{958F9CC9-9AC2-4294-BF2F-5864FD21A8D0}.Debug|Any CPU.ActiveCfg = Debug|Any CPU
		{958F9CC9-9AC2-4294-BF2F-5864FD21A8D0}.Debug|Any CPU.Build.0 = Debug|Any CPU
		{958F9CC9-9AC2-4294-BF2F-5864FD21A8D0}.Release|Any CPU.ActiveCfg = Release|Any CPU
		{958F9CC9-9AC2-4294-BF2F-5864FD21A8D0}.Release|Any CPU.Build.0 = Release|Any CPU
	EndGlobalSection
	GlobalSection(SolutionProperties) = preSolution
		HideSolutionNode = FALSE
	EndGlobalSection
	GlobalSection(NestedProjects) = preSolution
		{93DE9CD7-69EA-41B1-83F3-1F9CEAD98C57} = {A2F75FBD-9C3D-44AE-848B-56ED1FFB36BA}
		{67328CC8-5A11-4183-BA7A-AA5272F6BE1E} = {A2F75FBD-9C3D-44AE-848B-56ED1FFB36BA}
		{783980DC-07D7-433C-8CBA-34267DE4C469} = {A2F75FBD-9C3D-44AE-848B-56ED1FFB36BA}
		{301D6BA8-B98B-4005-9648-8A50F5DF2B1C} = {A2F75FBD-9C3D-44AE-848B-56ED1FFB36BA}
		{D24D2250-8227-4F05-8EDA-FB412CA69323} = {A2F75FBD-9C3D-44AE-848B-56ED1FFB36BA}
		{65904C1C-FAA7-4166-9477-55F87F080287} = {A2F75FBD-9C3D-44AE-848B-56ED1FFB36BA}
		{6873A47E-4E1F-44FA-948A-490FD825E9DD} = {A2F75FBD-9C3D-44AE-848B-56ED1FFB36BA}
		{9A7162C5-3417-405E-8DE8-E34DCD7B4FCE} = {A2F75FBD-9C3D-44AE-848B-56ED1FFB36BA}
		{93ECC291-0919-467C-B462-A8CADE59D9A8} = {A2F75FBD-9C3D-44AE-848B-56ED1FFB36BA}
		{0770B3AD-1EAE-46D4-90C4-6F13165EF3D9} = {828126BF-88F4-4CFD-BB07-774040B7F93B}
		{75852B4C-F0F3-43EB-8EB7-1C51530EBB35} = {9974CD71-0276-4EF5-BBAD-540A4937BC1B}
		{958F9CC9-9AC2-4294-BF2F-5864FD21A8D0} = {9974CD71-0276-4EF5-BBAD-540A4937BC1B}
	EndGlobalSection
	GlobalSection(ExtensibilityGlobals) = postSolution
		SolutionGuid = {75649BD3-25C7-4A1F-987A-43F6C1700A93}
	EndGlobalSection
EndGlobal
