
Microsoft Visual Studio Solution File, Format Version 12.00
# Visual Studio Version 17
VisualStudioVersion = 17.5.33326.253
MinimumVisualStudioVersion = 10.0.40219.1
Project("{FAE04EC0-301F-11D3-BF4B-00C04F79EFBC}") = "ContainsDuplicate", "ContainsDuplicate\ContainsDuplicate.csproj", "{93DE9CD7-69EA-41B1-83F3-1F9CEAD98C57}"
EndProject
Project("{FAE04EC0-301F-11D3-BF4B-00C04F79EFBC}") = "ValidAnagram", "ValidAnagram\ValidAnagram.csproj", "{67328CC8-5A11-4183-BA7A-AA5272F6BE1E}"
EndProject
Global
	GlobalSection(SolutionConfigurationPlatforms) = preSolution
		Debug|Any CPU = Debug|Any CPU
		Release|Any CPU = Release|Any CPU
	EndGlobalSection
	GlobalSection(ProjectConfigurationPlatforms) = postSolution
		{93DE9CD7-69EA-41B1-83F3-1F9CEAD98C57}.Debug|Any CPU.ActiveCfg = Debug|Any CPU
		{93DE9CD7-69EA-41B1-83F3-1F9CEAD98C57}.Debug|Any CPU.Build.0 = Debug|Any CPU
		{93DE9CD7-69EA-41B1-83F3-1F9CEAD98C57}.Release|Any CPU.ActiveCfg = Release|Any CPU
		{93DE9CD7-69EA-41B1-83F3-1F9CEAD98C57}.Release|Any CPU.Build.0 = Release|Any CPU
		{67328CC8-5A11-4183-BA7A-AA5272F6BE1E}.Debug|Any CPU.ActiveCfg = Debug|Any CPU
		{67328CC8-5A11-4183-BA7A-AA5272F6BE1E}.Debug|Any CPU.Build.0 = Debug|Any CPU
		{67328CC8-5A11-4183-BA7A-AA5272F6BE1E}.Release|Any CPU.ActiveCfg = Release|Any CPU
		{67328CC8-5A11-4183-BA7A-AA5272F6BE1E}.Release|Any CPU.Build.0 = Release|Any CPU
	EndGlobalSection
	GlobalSection(SolutionProperties) = preSolution
		HideSolutionNode = FALSE
	EndGlobalSection
	GlobalSection(ExtensibilityGlobals) = postSolution
		SolutionGuid = {75649BD3-25C7-4A1F-987A-43F6C1700A93}
	EndGlobalSection
EndGlobal
